
Microsoft Visual Studio Solution File, Format Version 12.00
# Visual Studio Version 16
VisualStudioVersion = 16.0.31911.196
MinimumVisualStudioVersion = 10.0.40219.1
Project("{FAE04EC0-301F-11D3-BF4B-00C04F79EFBC}") = "MailValidator", "MailValidator.csproj", "{3636FEDB-5BC9-4FFF-8C4F-585E0BBD687A}"
EndProject
Project("{FAE04EC0-301F-11D3-BF4B-00C04F79EFBC}") = "MailValidator.Tests", "..\MailValidator.Tests\MailValidator.Tests.csproj", "{9453AF41-4145-41EE-BB53-5F23153E6B73}"
EndProject
Global
	GlobalSection(SolutionConfigurationPlatforms) = preSolution
		Debug|Any CPU = Debug|Any CPU
		Release|Any CPU = Release|Any CPU
	EndGlobalSection
	GlobalSection(ProjectConfigurationPlatforms) = postSolution
		{3636FEDB-5BC9-4FFF-8C4F-585E0BBD687A}.Debug|Any CPU.ActiveCfg = Debug|Any CPU
		{3636FEDB-5BC9-4FFF-8C4F-585E0BBD687A}.Debug|Any CPU.Build.0 = Debug|Any CPU
		{3636FEDB-5BC9-4FFF-8C4F-585E0BBD687A}.Release|Any CPU.ActiveCfg = Release|Any CPU
		{3636FEDB-5BC9-4FFF-8C4F-585E0BBD687A}.Release|Any CPU.Build.0 = Release|Any CPU
		{9453AF41-4145-41EE-BB53-5F23153E6B73}.Debug|Any CPU.ActiveCfg = Debug|Any CPU
		{9453AF41-4145-41EE-BB53-5F23153E6B73}.Debug|Any CPU.Build.0 = Debug|Any CPU
		{9453AF41-4145-41EE-BB53-5F23153E6B73}.Release|Any CPU.ActiveCfg = Release|Any CPU
		{9453AF41-4145-41EE-BB53-5F23153E6B73}.Release|Any CPU.Build.0 = Release|Any CPU
	EndGlobalSection
	GlobalSection(SolutionProperties) = preSolution
		HideSolutionNode = FALSE
	EndGlobalSection
	GlobalSection(ExtensibilityGlobals) = postSolution
		SolutionGuid = {9C07B7C4-9440-46FF-A329-ACA6BC44BFC2}
	EndGlobalSection
EndGlobal
